
Microsoft Visual Studio Solution File, Format Version 10.00
# Visual Studio 2008
Project("{FAE04EC0-301F-11D3-BF4B-00C04F79EFBC}") = "HaijiaOfficialAutoSoft", "DFangFesionSoft\HaijiaOfficialAutoSoft.csproj", "{530A1977-E4E5-4250-B059-C3B22E094F06}"
EndProject
Project("{54435603-DBB4-11D2-8724-00A0C9A8B90C}") = "HaiJiaOne", "C:\Users\Administrator\Desktop\HaiJiaOne\HaiJiaOne.vdproj", "{D426B61E-018D-4CB3-984B-C498D3E661DC}"
EndProject
Global
	GlobalSection(SolutionConfigurationPlatforms) = preSolution
		Debug|Any CPU = Debug|Any CPU
		Release|Any CPU = Release|Any CPU
	EndGlobalSection
	GlobalSection(ProjectConfigurationPlatforms) = postSolution
		{530A1977-E4E5-4250-B059-C3B22E094F06}.Debug|Any CPU.ActiveCfg = Debug|Any CPU
		{530A1977-E4E5-4250-B059-C3B22E094F06}.Debug|Any CPU.Build.0 = Debug|Any CPU
		{530A1977-E4E5-4250-B059-C3B22E094F06}.Release|Any CPU.ActiveCfg = Release|Any CPU
		{530A1977-E4E5-4250-B059-C3B22E094F06}.Release|Any CPU.Build.0 = Release|Any CPU
		{D426B61E-018D-4CB3-984B-C498D3E661DC}.Debug|Any CPU.ActiveCfg = Debug
		{D426B61E-018D-4CB3-984B-C498D3E661DC}.Release|Any CPU.ActiveCfg = Release
	EndGlobalSection
	GlobalSection(SolutionProperties) = preSolution
		HideSolutionNode = FALSE
	EndGlobalSection
EndGlobal
